
Microsoft Visual Studio Solution File, Format Version 12.00
# Visual Studio Version 17
VisualStudioVersion = 17.8.34316.72
MinimumVisualStudioVersion = 10.0.40219.1
Project("{9A19103F-16F7-4668-BE54-9A1E7A4F7556}") = "DataAccess", "DataAccess\DataAccess.csproj", "{FF0C7A3E-3286-4D8D-A389-2E0CCC94E2D2}"
EndProject
Project("{9A19103F-16F7-4668-BE54-9A1E7A4F7556}") = "Entities", "Entities\Entities.csproj", "{46ED68F2-ADCD-400F-86D2-DE262C8FE041}"
EndProject
Project("{9A19103F-16F7-4668-BE54-9A1E7A4F7556}") = "Business", "Business\Business.csproj", "{20A2BA98-5D60-4BDC-BDF1-D77102C57D37}"
EndProject
Project("{9A19103F-16F7-4668-BE54-9A1E7A4F7556}") = "ConsoleUI", "ConsoleUI\ConsoleUI.csproj", "{276F04B9-3750-4623-9B54-6C3C8ACB03B9}"
EndProject
Project("{FAE04EC0-301F-11D3-BF4B-00C04F79EFBC}") = "Core", "Core\Core.csproj", "{B3DF0E4F-F690-42D9-8168-57AF9713BA41}"
EndProject
Global
	GlobalSection(SolutionConfigurationPlatforms) = preSolution
		Debug|Any CPU = Debug|Any CPU
		Release|Any CPU = Release|Any CPU
	EndGlobalSection
	GlobalSection(ProjectConfigurationPlatforms) = postSolution
		{FF0C7A3E-3286-4D8D-A389-2E0CCC94E2D2}.Debug|Any CPU.ActiveCfg = Debug|Any CPU
		{FF0C7A3E-3286-4D8D-A389-2E0CCC94E2D2}.Debug|Any CPU.Build.0 = Debug|Any CPU
		{FF0C7A3E-3286-4D8D-A389-2E0CCC94E2D2}.Release|Any CPU.ActiveCfg = Release|Any CPU
		{FF0C7A3E-3286-4D8D-A389-2E0CCC94E2D2}.Release|Any CPU.Build.0 = Release|Any CPU
		{46ED68F2-ADCD-400F-86D2-DE262C8FE041}.Debug|Any CPU.ActiveCfg = Debug|Any CPU
		{46ED68F2-ADCD-400F-86D2-DE262C8FE041}.Debug|Any CPU.Build.0 = Debug|Any CPU
		{46ED68F2-ADCD-400F-86D2-DE262C8FE041}.Release|Any CPU.ActiveCfg = Release|Any CPU
		{46ED68F2-ADCD-400F-86D2-DE262C8FE041}.Release|Any CPU.Build.0 = Release|Any CPU
		{20A2BA98-5D60-4BDC-BDF1-D77102C57D37}.Debug|Any CPU.ActiveCfg = Debug|Any CPU
		{20A2BA98-5D60-4BDC-BDF1-D77102C57D37}.Debug|Any CPU.Build.0 = Debug|Any CPU
		{20A2BA98-5D60-4BDC-BDF1-D77102C57D37}.Release|Any CPU.ActiveCfg = Release|Any CPU
		{20A2BA98-5D60-4BDC-BDF1-D77102C57D37}.Release|Any CPU.Build.0 = Release|Any CPU
		{276F04B9-3750-4623-9B54-6C3C8ACB03B9}.Debug|Any CPU.ActiveCfg = Debug|Any CPU
		{276F04B9-3750-4623-9B54-6C3C8ACB03B9}.Debug|Any CPU.Build.0 = Debug|Any CPU
		{276F04B9-3750-4623-9B54-6C3C8ACB03B9}.Release|Any CPU.ActiveCfg = Release|Any CPU
		{276F04B9-3750-4623-9B54-6C3C8ACB03B9}.Release|Any CPU.Build.0 = Release|Any CPU
		{B3DF0E4F-F690-42D9-8168-57AF9713BA41}.Debug|Any CPU.ActiveCfg = Debug|Any CPU
		{B3DF0E4F-F690-42D9-8168-57AF9713BA41}.Debug|Any CPU.Build.0 = Debug|Any CPU
		{B3DF0E4F-F690-42D9-8168-57AF9713BA41}.Release|Any CPU.ActiveCfg = Release|Any CPU
		{B3DF0E4F-F690-42D9-8168-57AF9713BA41}.Release|Any CPU.Build.0 = Release|Any CPU
	EndGlobalSection
	GlobalSection(SolutionProperties) = preSolution
		HideSolutionNode = FALSE
	EndGlobalSection
	GlobalSection(ExtensibilityGlobals) = postSolution
		SolutionGuid = {511A4087-C09C-42A7-8D4B-CE61006729D6}
	EndGlobalSection
EndGlobal
